# This file is automatically @generated by Cargo.
# It is not intended for manual editing.
version = 4

[[package]]
name = "aho-corasick"
version = "1.1.3"
source = "registry+https://github.com/rust-lang/crates.io-index"
checksum = "8e60d3430d3a69478ad0993f19238d2df97c507009a52b3c10addcd7f6bcb916"
dependencies = [
 "memchr",
]

[[package]]
name = "allocator-api2"
version = "0.2.21"
source = "registry+https://github.com/rust-lang/crates.io-index"
checksum = "683d7910e743518b0e34f1186f92494becacb047c7b6bf616c96772180fef923"

[[package]]
name = "anstream"
version = "0.6.21"
source = "registry+https://github.com/rust-lang/crates.io-index"
checksum = "43d5b281e737544384e969a5ccad3f1cdd24b48086a0fc1b2a5262a26b8f4f4a"
dependencies = [
 "anstyle",
 "anstyle-parse",
 "anstyle-query",
 "anstyle-wincon",
 "colorchoice",
 "is_terminal_polyfill",
 "utf8parse",
]

[[package]]
name = "anstyle"
version = "1.0.13"
source = "registry+https://github.com/rust-lang/crates.io-index"
checksum = "5192cca8006f1fd4f7237516f40fa183bb07f8fbdfedaa0036de5ea9b0b45e78"

[[package]]
name = "anstyle-parse"
version = "0.2.7"
source = "registry+https://github.com/rust-lang/crates.io-index"
checksum = "4e7644824f0aa2c7b9384579234ef10eb7efb6a0deb83f9630a49594dd9c15c2"
dependencies = [
 "utf8parse",
]

[[package]]
name = "anstyle-query"
version = "1.1.4"
source = "registry+https://github.com/rust-lang/crates.io-index"
checksum = "9e231f6134f61b71076a3eab506c379d4f36122f2af15a9ff04415ea4c3339e2"
dependencies = [
 "windows-sys 0.60.2",
]

[[package]]
name = "anstyle-wincon"
version = "3.0.10"
source = "registry+https://github.com/rust-lang/crates.io-index"
checksum = "3e0633414522a32ffaac8ac6cc8f748e090c5717661fddeea04219e2344f5f2a"
dependencies = [
 "anstyle",
 "once_cell_polyfill",
 "windows-sys 0.60.2",
]

[[package]]
name = "autocfg"
version = "1.5.0"
source = "registry+https://github.com/rust-lang/crates.io-index"
checksum = "c08606f8c3cbf4ce6ec8e28fb0014a2c086708fe954eaa885384a6165172e7e8"

[[package]]
name = "az"
version = "1.2.1"
source = "registry+https://github.com/rust-lang/crates.io-index"
checksum = "7b7e4c2464d97fe331d41de9d5db0def0a96f4d823b8b32a2efd503578988973"

[[package]]
name = "bitflags"
version = "2.10.0"
source = "registry+https://github.com/rust-lang/crates.io-index"
checksum = "812e12b5285cc515a9c72a5c1d3b6d46a19dac5acfef5265968c166106e31dd3"

[[package]]
name = "block2"
version = "0.5.1"
source = "registry+https://github.com/rust-lang/crates.io-index"
checksum = "2c132eebf10f5cad5289222520a4a058514204aed6d791f1cf4fe8088b82d15f"
dependencies = [
 "objc2",
]

[[package]]
name = "cassowary"
version = "0.3.0"
source = "registry+https://github.com/rust-lang/crates.io-index"
checksum = "df8670b8c7b9dae1793364eafadf7239c40d669904660c5960d74cfd80b46a53"

[[package]]
name = "castaway"
version = "0.2.4"
source = "registry+https://github.com/rust-lang/crates.io-index"
checksum = "dec551ab6e7578819132c713a93c022a05d60159dc86e7a7050223577484c55a"
dependencies = [
 "rustversion",
]

[[package]]
name = "cc"
version = "1.2.43"
source = "registry+https://github.com/rust-lang/crates.io-index"
checksum = "739eb0f94557554b3ca9a86d2d37bebd49c5e6d0c1d2bda35ba5bdac830befc2"
dependencies = [
 "find-msvc-tools",
 "shlex",
]

[[package]]
name = "cfg-if"
version = "1.0.4"
source = "registry+https://github.com/rust-lang/crates.io-index"
checksum = "9330f8b2ff13f34540b44e946ef35111825727b38d33286ef986142615121801"

[[package]]
name = "cfg_aliases"
version = "0.2.1"
source = "registry+https://github.com/rust-lang/crates.io-index"
checksum = "613afe47fcd5fac7ccf1db93babcb082c5994d996f20b8b159f2ad1658eb5724"

[[package]]
name = "clap"
version = "4.5.50"
source = "registry+https://github.com/rust-lang/crates.io-index"
checksum = "0c2cfd7bf8a6017ddaa4e32ffe7403d547790db06bd171c1c53926faab501623"
dependencies = [
 "clap_builder",
 "clap_derive",
]

[[package]]
name = "clap_builder"
version = "4.5.50"
source = "registry+https://github.com/rust-lang/crates.io-index"
checksum = "0a4c05b9e80c5ccd3a7ef080ad7b6ba7d6fc00a985b8b157197075677c82c7a0"
dependencies = [
 "anstream",
 "anstyle",
 "clap_lex",
 "strsim",
 "terminal_size",
]

[[package]]
name = "clap_derive"
version = "4.5.49"
source = "registry+https://github.com/rust-lang/crates.io-index"
checksum = "2a0b5487afeab2deb2ff4e03a807ad1a03ac532ff5a2cee5d86884440c7f7671"
dependencies = [
 "heck",
 "proc-macro2",
 "quote",
 "syn",
]

[[package]]
name = "clap_lex"
version = "0.7.6"
source = "registry+https://github.com/rust-lang/crates.io-index"
checksum = "a1d728cc89cf3aee9ff92b05e62b19ee65a02b5702cff7d5a377e32c6ae29d8d"

[[package]]
name = "clipboard-win"
version = "5.4.1"
source = "registry+https://github.com/rust-lang/crates.io-index"
checksum = "bde03770d3df201d4fb868f2c9c59e66a3e4e2bd06692a0fe701e7103c7e84d4"
dependencies = [
 "error-code",
]

[[package]]
name = "cmake"
version = "0.1.54"
source = "registry+https://github.com/rust-lang/crates.io-index"
checksum = "e7caa3f9de89ddbe2c607f4101924c5abec803763ae9534e4f4d7d8f84aa81f0"
dependencies = [
 "cc",
]

[[package]]
name = "cmk"
version = "0.1.2"
source = "registry+https://github.com/rust-lang/crates.io-index"
checksum = "8fd5de2a10e31b3ec3e8d75e7ccf8281ab3ee55de68f7ab6ffa9e21be8d82f22"

[[package]]
name = "colorchoice"
version = "1.0.4"
source = "registry+https://github.com/rust-lang/crates.io-index"
checksum = "b05b61dc5112cbb17e4b6cd61790d9845d13888356391624cbe7e41efeac1e75"

[[package]]
name = "compact_str"
version = "0.8.1"
source = "registry+https://github.com/rust-lang/crates.io-index"
checksum = "3b79c4069c6cad78e2e0cdfcbd26275770669fb39fd308a752dc110e83b9af32"
dependencies = [
 "castaway",
 "cfg-if",
 "itoa",
 "rustversion",
 "ryu",
 "static_assertions",
]

[[package]]
name = "convert_case"
version = "0.7.1"
source = "registry+https://github.com/rust-lang/crates.io-index"
checksum = "bb402b8d4c85569410425650ce3eddc7d698ed96d39a73f941b08fb63082f1e7"
dependencies = [
 "unicode-segmentation",
]

[[package]]
name = "copypasta"
version = "0.10.2"
source = "registry+https://github.com/rust-lang/crates.io-index"
checksum = "3e6811e17f81fe246ef2bc553f76b6ee6ab41a694845df1d37e52a92b7bbd38a"
dependencies = [
 "clipboard-win",
 "objc2",
 "objc2-app-kit",
 "objc2-foundation",
 "x11-clipboard",
]

[[package]]
name = "crossbeam-channel"
version = "0.5.15"
source = "registry+https://github.com/rust-lang/crates.io-index"
checksum = "82b8f8f868b36967f9606790d1903570de9ceaf870a7bf9fbbd3016d636a2cb2"
dependencies = [
 "crossbeam-utils",
]

[[package]]
name = "crossbeam-utils"
version = "0.8.21"
source = "registry+https://github.com/rust-lang/crates.io-index"
checksum = "d0a5c400df2834b80a4c3327b3aad3a4c4cd4de0629063962b03235697506a28"

[[package]]
name = "crossterm"
version = "0.28.1"
source = "registry+https://github.com/rust-lang/crates.io-index"
checksum = "829d955a0bb380ef178a640b91779e3987da38c9aea133b20614cfed8cdea9c6"
dependencies = [
 "bitflags",
 "crossterm_winapi",
 "mio",
 "parking_lot",
 "rustix 0.38.44",
 "signal-hook",
 "signal-hook-mio",
 "winapi",
]

[[package]]
name = "crossterm"
version = "0.29.0"
source = "registry+https://github.com/rust-lang/crates.io-index"
checksum = "d8b9f2e4c67f833b660cdb0a3523065869fb35570177239812ed4c905aeff87b"
dependencies = [
 "bitflags",
 "crossterm_winapi",
 "derive_more",
 "document-features",
 "mio",
 "parking_lot",
 "rustix 1.1.2",
 "signal-hook",
 "signal-hook-mio",
 "winapi",
]

[[package]]
name = "crossterm_winapi"
version = "0.9.1"
source = "registry+https://github.com/rust-lang/crates.io-index"
checksum = "acdd7c62a3665c7f6830a51635d9ac9b23ed385797f70a83bb8bafe9c572ab2b"
dependencies = [
 "winapi",
]

[[package]]
name = "darling"
version = "0.20.11"
source = "registry+https://github.com/rust-lang/crates.io-index"
checksum = "fc7f46116c46ff9ab3eb1597a45688b6715c6e628b5c133e288e709a29bcb4ee"
dependencies = [
 "darling_core",
 "darling_macro",
]

[[package]]
name = "darling_core"
version = "0.20.11"
source = "registry+https://github.com/rust-lang/crates.io-index"
checksum = "0d00b9596d185e565c2207a0b01f8bd1a135483d02d9b7b0a54b11da8d53412e"
dependencies = [
 "fnv",
 "ident_case",
 "proc-macro2",
 "quote",
 "strsim",
 "syn",
]

[[package]]
name = "darling_macro"
version = "0.20.11"
source = "registry+https://github.com/rust-lang/crates.io-index"
checksum = "fc34b93ccb385b40dc71c6fceac4b2ad23662c7eeb248cf10d529b7e055b6ead"
dependencies = [
 "darling_core",
 "quote",
 "syn",
]

[[package]]
name = "derive_more"
version = "2.0.1"
source = "registry+https://github.com/rust-lang/crates.io-index"
checksum = "093242cf7570c207c83073cf82f79706fe7b8317e98620a47d5be7c3d8497678"
dependencies = [
 "derive_more-impl",
]

[[package]]
name = "derive_more-impl"
version = "2.0.1"
source = "registry+https://github.com/rust-lang/crates.io-index"
checksum = "bda628edc44c4bb645fbe0f758797143e4e07926f7ebf4e9bdfbd3d2ce621df3"
dependencies = [
 "convert_case",
 "proc-macro2",
 "quote",
 "syn",
]

[[package]]
name = "document-features"
version = "0.2.12"
source = "registry+https://github.com/rust-lang/crates.io-index"
checksum = "d4b8a88685455ed29a21542a33abd9cb6510b6b129abadabdcef0f4c55bc8f61"
dependencies = [
 "litrs",
]

[[package]]
name = "either"
version = "1.15.0"
source = "registry+https://github.com/rust-lang/crates.io-index"
checksum = "48c757948c5ede0e46177b7add2e67155f70e33c07fea8284df6576da70b3719"

[[package]]
name = "endian-type"
version = "0.1.2"
source = "registry+https://github.com/rust-lang/crates.io-index"
checksum = "c34f04666d835ff5d62e058c3995147c06f42fe86ff053337632bca83e42702d"

[[package]]
name = "equivalent"
version = "1.0.2"
source = "registry+https://github.com/rust-lang/crates.io-index"
checksum = "877a4ace8713b0bcf2a4e7eec82529c029f1d0619886d18145fea96c3ffe5c0f"

[[package]]
name = "errno"
version = "0.3.14"
source = "registry+https://github.com/rust-lang/crates.io-index"
checksum = "39cab71617ae0d63f51a36d69f866391735b51691dbda63cf6f96d042b63efeb"
dependencies = [
 "libc",
 "windows-sys 0.61.2",
]

[[package]]
name = "error-code"
version = "3.3.2"
source = "registry+https://github.com/rust-lang/crates.io-index"
checksum = "dea2df4cf52843e0452895c455a1a2cfbb842a1e7329671acf418fdc53ed4c59"

[[package]]
name = "fd-lock"
version = "4.0.4"
source = "registry+https://github.com/rust-lang/crates.io-index"
checksum = "0ce92ff622d6dadf7349484f42c93271a0d49b7cc4d466a936405bacbe10aa78"
dependencies = [
 "cfg-if",
 "rustix 1.1.2",
 "windows-sys 0.59.0",
]

[[package]]
name = "find-msvc-tools"
version = "0.1.4"
source = "registry+https://github.com/rust-lang/crates.io-index"
checksum = "52051878f80a721bb68ebfbc930e07b65ba72f2da88968ea5c06fd6ca3d3a127"

[[package]]
name = "fltk"
version = "1.5.20"
source = "registry+https://github.com/rust-lang/crates.io-index"
checksum = "797fbbc1b5577e3f218cf6e735f15651adc67182ab4c3cbf3bdf2dea048e608d"
dependencies = [
 "bitflags",
 "crossbeam-channel",
 "fltk-sys",
 "minipaste",
 "once_cell",
 "ttf-parser",
]

[[package]]
name = "fltk-sys"
version = "1.5.20"
source = "registry+https://github.com/rust-lang/crates.io-index"
checksum = "8159438fccdfcf1dcf002e02b24dc7f530ec8616db2ef00513a8b9698bd5bc20"
dependencies = [
 "cmake",
 "cmk",
]

[[package]]
name = "fnv"
version = "1.0.7"
source = "registry+https://github.com/rust-lang/crates.io-index"
checksum = "3f9eec918d3f24069decb9af1554cad7c880e2da24a9afd88aca000531ab82c1"

[[package]]
name = "foldhash"
version = "0.1.5"
source = "registry+https://github.com/rust-lang/crates.io-index"
checksum = "d9c4f5dac5e15c24eb999c26181a6ca40b39fe946cbe4c263c7209467bc83af2"

[[package]]
name = "futf"
version = "0.1.5"
source = "registry+https://github.com/rust-lang/crates.io-index"
checksum = "df420e2e84819663797d1ec6544b13c5be84629e7bb00dc960d6917db2987843"
dependencies = [
 "mac",
 "new_debug_unreachable",
]

[[package]]
name = "gethostname"
version = "1.1.0"
source = "registry+https://github.com/rust-lang/crates.io-index"
checksum = "1bd49230192a3797a9a4d6abe9b3eed6f7fa4c8a8a4947977c6f80025f92cbd8"
dependencies = [
 "rustix 1.1.2",
 "windows-link",
]

[[package]]
name = "gmp-mpfr-sys"
version = "1.6.8"
source = "registry+https://github.com/rust-lang/crates.io-index"
checksum = "60f8970a75c006bb2f8ae79c6768a116dd215fa8346a87aed99bf9d82ca43394"
dependencies = [
 "libc",
 "windows-sys 0.60.2",
]

[[package]]
name = "hashbrown"
version = "0.15.5"
source = "registry+https://github.com/rust-lang/crates.io-index"
checksum = "9229cfe53dfd69f0609a49f65461bd93001ea1ef889cd5529dd176593f5338a1"
dependencies = [
 "allocator-api2",
 "equivalent",
 "foldhash",
]

[[package]]
name = "heck"
version = "0.5.0"
source = "registry+https://github.com/rust-lang/crates.io-index"
checksum = "2304e00983f87ffb38b55b444b5e3b60a884b5d30c0fca7d82fe33449bbe55ea"

[[package]]
name = "home"
version = "0.5.12"
source = "registry+https://github.com/rust-lang/crates.io-index"
checksum = "cc627f471c528ff0c4a49e1d5e60450c8f6461dd6d10ba9dcd3a61d3dff7728d"
dependencies = [
 "windows-sys 0.61.2",
]

[[package]]
name = "html2text"
version = "0.16.0"
source = "registry+https://github.com/rust-lang/crates.io-index"
checksum = "3ef65fbb577b8015aad4347acceb438da6793bdc9834944c3dfb6ad24dbef849"
dependencies = [
 "html5ever",
 "tendril",
 "thiserror",
 "unicode-width 0.2.0",
]

[[package]]
name = "html5ever"
version = "0.35.0"
source = "registry+https://github.com/rust-lang/crates.io-index"
checksum = "55d958c2f74b664487a2035fe1dadb032c48718a03b63f3ab0b8537db8549ed4"
dependencies = [
 "log",
 "markup5ever",
 "match_token",
]

[[package]]
name = "ident_case"
version = "1.0.1"
source = "registry+https://github.com/rust-lang/crates.io-index"
checksum = "b9e0384b61958566e926dc50660321d12159025e767c18e043daf26b70104c39"

[[package]]
name = "indoc"
version = "2.0.7"
source = "registry+https://github.com/rust-lang/crates.io-index"
checksum = "79cf5c93f93228cf8efb3ba362535fb11199ac548a09ce117c9b1adc3030d706"
dependencies = [
 "rustversion",
]

[[package]]
name = "instability"
version = "0.3.9"
source = "registry+https://github.com/rust-lang/crates.io-index"
checksum = "435d80800b936787d62688c927b6490e887c7ef5ff9ce922c6c6050fca75eb9a"
dependencies = [
 "darling",
 "indoc",
 "proc-macro2",
 "quote",
 "syn",
]

[[package]]
name = "is_terminal_polyfill"
version = "1.70.2"
source = "registry+https://github.com/rust-lang/crates.io-index"
checksum = "a6cb138bb79a146c1bd460005623e142ef0181e3d0219cb493e02f7d08a35695"

[[package]]
name = "itertools"
version = "0.13.0"
source = "registry+https://github.com/rust-lang/crates.io-index"
checksum = "413ee7dfc52ee1a4949ceeb7dbc8a33f2d6c088194d9f922fb8318faf1f01186"
dependencies = [
 "either",
]

[[package]]
name = "itertools"
version = "0.14.0"
source = "registry+https://github.com/rust-lang/crates.io-index"
checksum = "2b192c782037fadd9cfa75548310488aabdbf3d2da73885b31bd0abd03351285"
dependencies = [
 "either",
]

[[package]]
name = "itoa"
version = "1.0.15"
source = "registry+https://github.com/rust-lang/crates.io-index"
checksum = "4a5f13b858c8d314ee3e8f639011f7ccefe71f97f96e50151fb991f267928e2c"

[[package]]
name = "libc"
version = "0.2.177"
source = "registry+https://github.com/rust-lang/crates.io-index"
checksum = "2874a2af47a2325c2001a6e6fad9b16a53b802102b528163885171cf92b15976"

[[package]]
name = "libm"
version = "0.2.15"
source = "registry+https://github.com/rust-lang/crates.io-index"
checksum = "f9fbbcab51052fe104eb5e5d351cf728d30a5be1fe14d9be8a3b097481fb97de"

[[package]]
name = "libmat"
version = "0.2.0"
source = "git+https://github.com/utopiabound/libmat?branch=rref#fb8cb5aac245a3256d778e5784555824733d2c8d"
dependencies = [
 "num-traits",
]

[[package]]
name = "linux-raw-sys"
version = "0.4.15"
source = "registry+https://github.com/rust-lang/crates.io-index"
checksum = "d26c52dbd32dccf2d10cac7725f8eae5296885fb5703b261f7d0a0739ec807ab"

[[package]]
name = "linux-raw-sys"
version = "0.11.0"
source = "registry+https://github.com/rust-lang/crates.io-index"
checksum = "df1d3c3b53da64cf5760482273a98e575c651a67eec7f77df96b5b642de8f039"

[[package]]
name = "litrs"
version = "1.0.0"
source = "registry+https://github.com/rust-lang/crates.io-index"
checksum = "11d3d7f243d5c5a8b9bb5d6dd2b1602c0cb0b9db1621bafc7ed66e35ff9fe092"

[[package]]
name = "lock_api"
version = "0.4.14"
source = "registry+https://github.com/rust-lang/crates.io-index"
checksum = "224399e74b87b5f3557511d98dff8b14089b3dadafcab6bb93eab67d3aace965"
dependencies = [
 "scopeguard",
]

[[package]]
name = "log"
version = "0.4.28"
source = "registry+https://github.com/rust-lang/crates.io-index"
checksum = "34080505efa8e45a4b816c349525ebe327ceaa8559756f0356cba97ef3bf7432"

[[package]]
name = "lru"
version = "0.12.5"
source = "registry+https://github.com/rust-lang/crates.io-index"
checksum = "234cf4f4a04dc1f57e24b96cc0cd600cf2af460d4161ac5ecdd0af8e1f3b2a38"
dependencies = [
 "hashbrown",
]

[[package]]
name = "mac"
version = "0.1.1"
source = "registry+https://github.com/rust-lang/crates.io-index"
checksum = "c41e0c4fef86961ac6d6f8a82609f55f31b05e4fce149ac5710e439df7619ba4"

[[package]]
name = "markup5ever"
version = "0.35.0"
source = "registry+https://github.com/rust-lang/crates.io-index"
checksum = "311fe69c934650f8f19652b3946075f0fc41ad8757dbb68f1ca14e7900ecc1c3"
dependencies = [
 "log",
 "tendril",
 "web_atoms",
]

[[package]]
name = "match_token"
version = "0.35.0"
source = "registry+https://github.com/rust-lang/crates.io-index"
checksum = "ac84fd3f360fcc43dc5f5d186f02a94192761a080e8bc58621ad4d12296a58cf"
dependencies = [
 "proc-macro2",
 "quote",
 "syn",
]

[[package]]
name = "memchr"
version = "2.7.6"
source = "registry+https://github.com/rust-lang/crates.io-index"
checksum = "f52b00d39961fc5b2736ea853c9cc86238e165017a493d1d5c8eac6bdc4cc273"

[[package]]
name = "minipaste"
version = "0.1.0"
source = "registry+https://github.com/rust-lang/crates.io-index"
checksum = "1bbcafc6544efab7decec8e8e63d6e7cbaac0a699a4adead308a80f9c302d6ae"
dependencies = [
 "proc-macro2",
]

[[package]]
name = "mio"
version = "1.1.0"
source = "registry+https://github.com/rust-lang/crates.io-index"
checksum = "69d83b0086dc8ecf3ce9ae2874b2d1290252e2a30720bea58a5c6639b0092873"
dependencies = [
 "libc",
 "log",
 "wasi",
 "windows-sys 0.61.2",
]

[[package]]
name = "new_debug_unreachable"
version = "1.0.6"
source = "registry+https://github.com/rust-lang/crates.io-index"
checksum = "650eef8c711430f1a879fdd01d4745a7deea475becfb90269c06775983bbf086"

[[package]]
name = "nibble_vec"
version = "0.1.0"
source = "registry+https://github.com/rust-lang/crates.io-index"
checksum = "77a5d83df9f36fe23f0c3648c6bbb8b0298bb5f1939c8f2704431371f4b84d43"
dependencies = [
 "smallvec",
]

[[package]]
name = "nix"
version = "0.30.1"
source = "registry+https://github.com/rust-lang/crates.io-index"
checksum = "74523f3a35e05aba87a1d978330aef40f67b0304ac79c1c00b294c9830543db6"
dependencies = [
 "bitflags",
 "cfg-if",
 "cfg_aliases",
 "libc",
]

[[package]]
name = "num-integer"
version = "0.1.46"
source = "registry+https://github.com/rust-lang/crates.io-index"
checksum = "7969661fd2958a5cb096e56c8e1ad0444ac2bbcd0061bd28660485a44879858f"
dependencies = [
 "num-traits",
]

[[package]]
name = "num-traits"
version = "0.2.19"
source = "registry+https://github.com/rust-lang/crates.io-index"
checksum = "071dfc062690e90b734c0b2273ce72ad0ffa95f0c74596bc250dcfd960262841"
dependencies = [
 "autocfg",
]

[[package]]
name = "objc-sys"
version = "0.3.5"
source = "registry+https://github.com/rust-lang/crates.io-index"
checksum = "cdb91bdd390c7ce1a8607f35f3ca7151b65afc0ff5ff3b34fa350f7d7c7e4310"

[[package]]
name = "objc2"
version = "0.5.2"
source = "registry+https://github.com/rust-lang/crates.io-index"
checksum = "46a785d4eeff09c14c487497c162e92766fbb3e4059a71840cecc03d9a50b804"
dependencies = [
 "objc-sys",
 "objc2-encode",
]

[[package]]
name = "objc2-app-kit"
version = "0.2.2"
source = "registry+https://github.com/rust-lang/crates.io-index"
checksum = "e4e89ad9e3d7d297152b17d39ed92cd50ca8063a89a9fa569046d41568891eff"
dependencies = [
 "bitflags",
 "block2",
 "libc",
 "objc2",
 "objc2-core-data",
 "objc2-core-image",
 "objc2-foundation",
 "objc2-quartz-core",
]

[[package]]
name = "objc2-core-data"
version = "0.2.2"
source = "registry+https://github.com/rust-lang/crates.io-index"
checksum = "617fbf49e071c178c0b24c080767db52958f716d9eabdf0890523aeae54773ef"
dependencies = [
 "bitflags",
 "block2",
 "objc2",
 "objc2-foundation",
]

[[package]]
name = "objc2-core-image"
version = "0.2.2"
source = "registry+https://github.com/rust-lang/crates.io-index"
checksum = "55260963a527c99f1819c4f8e3b47fe04f9650694ef348ffd2227e8196d34c80"
dependencies = [
 "block2",
 "objc2",
 "objc2-foundation",
 "objc2-metal",
]

[[package]]
name = "objc2-encode"
version = "4.1.0"
source = "registry+https://github.com/rust-lang/crates.io-index"
checksum = "ef25abbcd74fb2609453eb695bd2f860d389e457f67dc17cafc8b8cbc89d0c33"

[[package]]
name = "objc2-foundation"
version = "0.2.2"
source = "registry+https://github.com/rust-lang/crates.io-index"
checksum = "0ee638a5da3799329310ad4cfa62fbf045d5f56e3ef5ba4149e7452dcf89d5a8"
dependencies = [
 "bitflags",
 "block2",
 "libc",
 "objc2",
]

[[package]]
name = "objc2-metal"
version = "0.2.2"
source = "registry+https://github.com/rust-lang/crates.io-index"
checksum = "dd0cba1276f6023976a406a14ffa85e1fdd19df6b0f737b063b95f6c8c7aadd6"
dependencies = [
 "bitflags",
 "block2",
 "objc2",
 "objc2-foundation",
]

[[package]]
name = "objc2-quartz-core"
version = "0.2.2"
source = "registry+https://github.com/rust-lang/crates.io-index"
checksum = "e42bee7bff906b14b167da2bac5efe6b6a07e6f7c0a21a7308d40c960242dc7a"
dependencies = [
 "bitflags",
 "block2",
 "objc2",
 "objc2-foundation",
 "objc2-metal",
]

[[package]]
name = "once_cell"
version = "1.21.3"
source = "registry+https://github.com/rust-lang/crates.io-index"
checksum = "42f5e15c9953c5e4ccceeb2e7382a716482c34515315f7b03532b8b4e8393d2d"

[[package]]
name = "once_cell_polyfill"
version = "1.70.2"
source = "registry+https://github.com/rust-lang/crates.io-index"
checksum = "384b8ab6d37215f3c5301a95a4accb5d64aa607f1fcb26a11b5303878451b4fe"

[[package]]
name = "parking_lot"
version = "0.12.5"
source = "registry+https://github.com/rust-lang/crates.io-index"
checksum = "93857453250e3077bd71ff98b6a65ea6621a19bb0f559a85248955ac12c45a1a"
dependencies = [
 "lock_api",
 "parking_lot_core",
]

[[package]]
name = "parking_lot_core"
version = "0.9.12"
source = "registry+https://github.com/rust-lang/crates.io-index"
checksum = "2621685985a2ebf1c516881c026032ac7deafcda1a2c9b7850dc81e3dfcb64c1"
dependencies = [
 "cfg-if",
 "libc",
 "redox_syscall",
 "smallvec",
 "windows-link",
]

[[package]]
name = "paste"
version = "1.0.15"
source = "registry+https://github.com/rust-lang/crates.io-index"
checksum = "57c0d7b74b563b49d38dae00a0c37d4d6de9b432382b2892f0574ddcae73fd0a"

[[package]]
name = "phf"
version = "0.11.3"
source = "registry+https://github.com/rust-lang/crates.io-index"
checksum = "1fd6780a80ae0c52cc120a26a1a42c1ae51b247a253e4e06113d23d2c2edd078"
dependencies = [
 "phf_shared",
]

[[package]]
name = "phf_codegen"
version = "0.11.3"
source = "registry+https://github.com/rust-lang/crates.io-index"
checksum = "aef8048c789fa5e851558d709946d6d79a8ff88c0440c587967f8e94bfb1216a"
dependencies = [
 "phf_generator",
 "phf_shared",
]

[[package]]
name = "phf_generator"
version = "0.11.3"
source = "registry+https://github.com/rust-lang/crates.io-index"
checksum = "3c80231409c20246a13fddb31776fb942c38553c51e871f8cbd687a4cfb5843d"
dependencies = [
 "phf_shared",
 "rand",
]

[[package]]
name = "phf_shared"
version = "0.11.3"
source = "registry+https://github.com/rust-lang/crates.io-index"
checksum = "67eabc2ef2a60eb7faa00097bd1ffdb5bd28e62bf39990626a582201b7a754e5"
dependencies = [
 "siphasher",
]

[[package]]
name = "precomputed-hash"
version = "0.1.1"
source = "registry+https://github.com/rust-lang/crates.io-index"
checksum = "925383efa346730478fb4838dbe9137d2a47675ad789c546d150a6e1dd4ab31c"

[[package]]
name = "proc-macro2"
version = "1.0.103"
source = "registry+https://github.com/rust-lang/crates.io-index"
checksum = "5ee95bc4ef87b8d5ba32e8b7714ccc834865276eab0aed5c9958d00ec45f49e8"
dependencies = [
 "unicode-ident",
]

[[package]]
name = "quote"
version = "1.0.41"
source = "registry+https://github.com/rust-lang/crates.io-index"
checksum = "ce25767e7b499d1b604768e7cde645d14cc8584231ea6b295e9c9eb22c02e1d1"
dependencies = [
 "proc-macro2",
]

[[package]]
name = "radix_trie"
version = "0.2.1"
source = "registry+https://github.com/rust-lang/crates.io-index"
checksum = "c069c179fcdc6a2fe24d8d18305cf085fdbd4f922c041943e203685d6a1c58fd"
dependencies = [
 "endian-type",
 "nibble_vec",
]

[[package]]
name = "rand"
version = "0.8.5"
source = "registry+https://github.com/rust-lang/crates.io-index"
checksum = "34af8d1a0e25924bc5b7c43c079c942339d8f0a8b57c39049bef581b46327404"
dependencies = [
 "rand_core",
]

[[package]]
name = "rand_core"
version = "0.6.4"
source = "registry+https://github.com/rust-lang/crates.io-index"
checksum = "ec0be4795e2f6a28069bec0b5ff3e2ac9bafc99e6a9a7dc3547996c5c816922c"

[[package]]
name = "ratatui"
version = "0.29.0"
source = "registry+https://github.com/rust-lang/crates.io-index"
checksum = "eabd94c2f37801c20583fc49dd5cd6b0ba68c716787c2dd6ed18571e1e63117b"
dependencies = [
 "bitflags",
 "cassowary",
 "compact_str",
 "crossterm 0.28.1",
 "indoc",
 "instability",
 "itertools 0.13.0",
 "lru",
 "paste",
 "strum",
 "unicode-segmentation",
 "unicode-truncate",
 "unicode-width 0.2.0",
]

[[package]]
name = "redox_syscall"
version = "0.5.18"
source = "registry+https://github.com/rust-lang/crates.io-index"
checksum = "ed2bf2547551a7053d6fdfafda3f938979645c44812fbfcda098faae3f1a362d"
dependencies = [
 "bitflags",
]

[[package]]
name = "regex"
version = "1.12.2"
source = "registry+https://github.com/rust-lang/crates.io-index"
checksum = "843bc0191f75f3e22651ae5f1e72939ab2f72a4bc30fa80a066bd66edefc24d4"
dependencies = [
 "aho-corasick",
 "memchr",
 "regex-automata",
 "regex-syntax",
]

[[package]]
name = "regex-automata"
version = "0.4.13"
source = "registry+https://github.com/rust-lang/crates.io-index"
checksum = "5276caf25ac86c8d810222b3dbb938e512c55c6831a10f3e6ed1c93b84041f1c"
dependencies = [
 "aho-corasick",
 "memchr",
 "regex-syntax",
]

[[package]]
name = "regex-syntax"
version = "0.8.8"
source = "registry+https://github.com/rust-lang/crates.io-index"
checksum = "7a2d987857b319362043e95f5353c0535c1f58eec5336fdfcf626430af7def58"

[[package]]
name = "rpn-rs"
version = "0.1.7"
dependencies = [
 "clap",
 "copypasta",
 "crossterm 0.29.0",
 "fltk",
 "html2text",
 "itertools 0.14.0",
 "libmat",
 "log",
 "num-traits",
 "ratatui",
 "regex",
 "rug",
 "rustyline",
 "strum_macros 0.27.2",
]

[[package]]
name = "rug"
version = "1.28.0"
source = "registry+https://github.com/rust-lang/crates.io-index"
checksum = "58ad2e973fe3c3214251a840a621812a4f40468da814b1a3d6947d433c2af11f"
dependencies = [
 "az",
 "gmp-mpfr-sys",
 "libc",
 "libm",
 "num-integer",
 "num-traits",
]

[[package]]
name = "rustix"
version = "0.38.44"
source = "registry+https://github.com/rust-lang/crates.io-index"
checksum = "fdb5bc1ae2baa591800df16c9ca78619bf65c0488b41b96ccec5d11220d8c154"
dependencies = [
 "bitflags",
 "errno",
 "libc",
 "linux-raw-sys 0.4.15",
 "windows-sys 0.59.0",
]

[[package]]
name = "rustix"
version = "1.1.2"
source = "registry+https://github.com/rust-lang/crates.io-index"
checksum = "cd15f8a2c5551a84d56efdc1cd049089e409ac19a3072d5037a17fd70719ff3e"
dependencies = [
 "bitflags",
 "errno",
 "libc",
 "linux-raw-sys 0.11.0",
 "windows-sys 0.61.2",
]

[[package]]
name = "rustversion"
version = "1.0.22"
source = "registry+https://github.com/rust-lang/crates.io-index"
checksum = "b39cdef0fa800fc44525c84ccb54a029961a8215f9619753635a9c0d2538d46d"

[[package]]
name = "rustyline"
version = "17.0.2"
source = "registry+https://github.com/rust-lang/crates.io-index"
checksum = "e902948a25149d50edc1a8e0141aad50f54e22ba83ff988cf8f7c9ef07f50564"
dependencies = [
 "bitflags",
 "cfg-if",
 "clipboard-win",
 "fd-lock",
 "home",
 "libc",
 "log",
 "memchr",
 "nix",
 "radix_trie",
 "unicode-segmentation",
 "unicode-width 0.2.0",
 "utf8parse",
 "windows-sys 0.60.2",
]

[[package]]
name = "ryu"
version = "1.0.20"
source = "registry+https://github.com/rust-lang/crates.io-index"
checksum = "28d3b2b1366ec20994f1fd18c3c594f05c5dd4bc44d8bb0c1c632c8d6829481f"

[[package]]
name = "scopeguard"
version = "1.2.0"
source = "registry+https://github.com/rust-lang/crates.io-index"
checksum = "94143f37725109f92c262ed2cf5e59bce7498c01bcc1502d7b9afe439a4e9f49"

[[package]]
name = "serde"
version = "1.0.228"
source = "registry+https://github.com/rust-lang/crates.io-index"
checksum = "9a8e94ea7f378bd32cbbd37198a4a91436180c5bb472411e48b5ec2e2124ae9e"
dependencies = [
 "serde_core",
]

[[package]]
name = "serde_core"
version = "1.0.228"
source = "registry+https://github.com/rust-lang/crates.io-index"
checksum = "41d385c7d4ca58e59fc732af25c3983b67ac852c1a25000afe1175de458b67ad"
dependencies = [
 "serde_derive",
]

[[package]]
name = "serde_derive"
version = "1.0.228"
source = "registry+https://github.com/rust-lang/crates.io-index"
checksum = "d540f220d3187173da220f885ab66608367b6574e925011a9353e4badda91d79"
dependencies = [
 "proc-macro2",
 "quote",
 "syn",
]

[[package]]
name = "shlex"
version = "1.3.0"
source = "registry+https://github.com/rust-lang/crates.io-index"
checksum = "0fda2ff0d084019ba4d7c6f371c95d8fd75ce3524c3cb8fb653a3023f6323e64"

[[package]]
name = "signal-hook"
version = "0.3.18"
source = "registry+https://github.com/rust-lang/crates.io-index"
checksum = "d881a16cf4426aa584979d30bd82cb33429027e42122b169753d6ef1085ed6e2"
dependencies = [
 "libc",
 "signal-hook-registry",
]

[[package]]
name = "signal-hook-mio"
version = "0.2.5"
source = "registry+https://github.com/rust-lang/crates.io-index"
checksum = "b75a19a7a740b25bc7944bdee6172368f988763b744e3d4dfe753f6b4ece40cc"
dependencies = [
 "libc",
 "mio",
 "signal-hook",
]

[[package]]
name = "signal-hook-registry"
version = "1.4.6"
source = "registry+https://github.com/rust-lang/crates.io-index"
checksum = "b2a4719bff48cee6b39d12c020eeb490953ad2443b7055bd0b21fca26bd8c28b"
dependencies = [
 "libc",
]

[[package]]
name = "siphasher"
version = "1.0.1"
source = "registry+https://github.com/rust-lang/crates.io-index"
checksum = "56199f7ddabf13fe5074ce809e7d3f42b42ae711800501b5b16ea82ad029c39d"

[[package]]
name = "smallvec"
version = "1.15.1"
source = "registry+https://github.com/rust-lang/crates.io-index"
checksum = "67b1b7a3b5fe4f1376887184045fcf45c69e92af734b7aaddc05fb777b6fbd03"

[[package]]
name = "static_assertions"
version = "1.1.0"
source = "registry+https://github.com/rust-lang/crates.io-index"
checksum = "a2eb9349b6444b326872e140eb1cf5e7c522154d69e7a0ffb0fb81c06b37543f"

[[package]]
name = "string_cache"
version = "0.8.9"
source = "registry+https://github.com/rust-lang/crates.io-index"
checksum = "bf776ba3fa74f83bf4b63c3dcbbf82173db2632ed8452cb2d891d33f459de70f"
dependencies = [
 "new_debug_unreachable",
 "parking_lot",
 "phf_shared",
 "precomputed-hash",
 "serde",
]

[[package]]
name = "string_cache_codegen"
version = "0.5.4"
source = "registry+https://github.com/rust-lang/crates.io-index"
checksum = "c711928715f1fe0fe509c53b43e993a9a557babc2d0a3567d0a3006f1ac931a0"
dependencies = [
 "phf_generator",
 "phf_shared",
 "proc-macro2",
 "quote",
]

[[package]]
name = "strsim"
version = "0.11.1"
source = "registry+https://github.com/rust-lang/crates.io-index"
checksum = "7da8b5736845d9f2fcb837ea5d9e2628564b3b043a70948a3f0b778838c5fb4f"

[[package]]
name = "strum"
version = "0.26.3"
source = "registry+https://github.com/rust-lang/crates.io-index"
checksum = "8fec0f0aef304996cf250b31b5a10dee7980c85da9d759361292b8bca5a18f06"
dependencies = [
 "strum_macros 0.26.4",
]

[[package]]
name = "strum_macros"
version = "0.26.4"
source = "registry+https://github.com/rust-lang/crates.io-index"
checksum = "4c6bee85a5a24955dc440386795aa378cd9cf82acd5f764469152d2270e581be"
dependencies = [
 "heck",
 "proc-macro2",
 "quote",
 "rustversion",
 "syn",
]

[[package]]
name = "strum_macros"
version = "0.27.2"
source = "registry+https://github.com/rust-lang/crates.io-index"
checksum = "7695ce3845ea4b33927c055a39dc438a45b059f7c1b3d91d38d10355fb8cbca7"
dependencies = [
 "heck",
 "proc-macro2",
 "quote",
 "syn",
]

[[package]]
name = "syn"
version = "2.0.108"
source = "registry+https://github.com/rust-lang/crates.io-index"
checksum = "da58917d35242480a05c2897064da0a80589a2a0476c9a3f2fdc83b53502e917"
dependencies = [
 "proc-macro2",
 "quote",
 "unicode-ident",
]

[[package]]
name = "tendril"
version = "0.4.3"
source = "registry+https://github.com/rust-lang/crates.io-index"
checksum = "d24a120c5fc464a3458240ee02c299ebcb9d67b5249c8848b09d639dca8d7bb0"
dependencies = [
 "futf",
 "mac",
 "utf-8",
]

[[package]]
name = "terminal_size"
version = "0.4.3"
source = "registry+https://github.com/rust-lang/crates.io-index"
checksum = "60b8cb979cb11c32ce1603f8137b22262a9d131aaa5c37b5678025f22b8becd0"
dependencies = [
 "rustix 1.1.2",
 "windows-sys 0.60.2",
]

[[package]]
name = "thiserror"
version = "2.0.17"
source = "registry+https://github.com/rust-lang/crates.io-index"
checksum = "f63587ca0f12b72a0600bcba1d40081f830876000bb46dd2337a3051618f4fc8"
dependencies = [
 "thiserror-impl",
]

[[package]]
name = "thiserror-impl"
version = "2.0.17"
source = "registry+https://github.com/rust-lang/crates.io-index"
checksum = "3ff15c8ecd7de3849db632e14d18d2571fa09dfc5ed93479bc4485c7a517c913"
dependencies = [
 "proc-macro2",
 "quote",
 "syn",
]

[[package]]
name = "ttf-parser"
version = "0.25.1"
source = "registry+https://github.com/rust-lang/crates.io-index"
checksum = "d2df906b07856748fa3f6e0ad0cbaa047052d4a7dd609e231c4f72cee8c36f31"

[[package]]
name = "unicode-ident"
version = "1.0.20"
source = "registry+https://github.com/rust-lang/crates.io-index"
checksum = "462eeb75aeb73aea900253ce739c8e18a67423fadf006037cd3ff27e82748a06"

[[package]]
name = "unicode-segmentation"
version = "1.12.0"
source = "registry+https://github.com/rust-lang/crates.io-index"
checksum = "f6ccf251212114b54433ec949fd6a7841275f9ada20dddd2f29e9ceea4501493"

[[package]]
name = "unicode-truncate"
version = "1.1.0"
source = "registry+https://github.com/rust-lang/crates.io-index"
checksum = "b3644627a5af5fa321c95b9b235a72fd24cd29c648c2c379431e6628655627bf"
dependencies = [
 "itertools 0.13.0",
 "unicode-segmentation",
 "unicode-width 0.1.14",
]

[[package]]
name = "unicode-width"
version = "0.1.14"
source = "registry+https://github.com/rust-lang/crates.io-index"
checksum = "7dd6e30e90baa6f72411720665d41d89b9a3d039dc45b8faea1ddd07f617f6af"

[[package]]
name = "unicode-width"
version = "0.2.0"
source = "registry+https://github.com/rust-lang/crates.io-index"
checksum = "1fc81956842c57dac11422a97c3b8195a1ff727f06e85c84ed2e8aa277c9a0fd"

[[package]]
name = "utf-8"
version = "0.7.6"
source = "registry+https://github.com/rust-lang/crates.io-index"
checksum = "09cc8ee72d2a9becf2f2febe0205bbed8fc6615b7cb429ad062dc7b7ddd036a9"

[[package]]
name = "utf8parse"
version = "0.2.2"
source = "registry+https://github.com/rust-lang/crates.io-index"
checksum = "06abde3611657adf66d383f00b093d7faecc7fa57071cce2578660c9f1010821"

[[package]]
name = "wasi"
version = "0.11.1+wasi-snapshot-preview1"
source = "registry+https://github.com/rust-lang/crates.io-index"
checksum = "ccf3ec651a847eb01de73ccad15eb7d99f80485de043efb2f370cd654f4ea44b"

[[package]]
name = "web_atoms"
version = "0.1.3"
source = "registry+https://github.com/rust-lang/crates.io-index"
checksum = "57ffde1dc01240bdf9992e3205668b235e59421fd085e8a317ed98da0178d414"
dependencies = [
 "phf",
 "phf_codegen",
 "string_cache",
 "string_cache_codegen",
]

[[package]]
name = "winapi"
version = "0.3.9"
source = "registry+https://github.com/rust-lang/crates.io-index"
checksum = "5c839a674fcd7a98952e593242ea400abe93992746761e38641405d28b00f419"
dependencies = [
 "winapi-i686-pc-windows-gnu",
 "winapi-x86_64-pc-windows-gnu",
]

[[package]]
name = "winapi-i686-pc-windows-gnu"
version = "0.4.0"
source = "registry+https://github.com/rust-lang/crates.io-index"
checksum = "ac3b87c63620426dd9b991e5ce0329eff545bccbbb34f3be09ff6fb6ab51b7b6"

[[package]]
name = "winapi-x86_64-pc-windows-gnu"
version = "0.4.0"
source = "registry+https://github.com/rust-lang/crates.io-index"
checksum = "712e227841d057c1ee1cd2fb22fa7e5a5461ae8e48fa2ca79ec42cfc1931183f"

[[package]]
name = "windows-link"
version = "0.2.1"
source = "registry+https://github.com/rust-lang/crates.io-index"
checksum = "f0805222e57f7521d6a62e36fa9163bc891acd422f971defe97d64e70d0a4fe5"

[[package]]
name = "windows-sys"
version = "0.59.0"
source = "registry+https://github.com/rust-lang/crates.io-index"
checksum = "1e38bc4d79ed67fd075bcc251a1c39b32a1776bbe92e5bef1f0bf1f8c531853b"
dependencies = [
 "windows-targets 0.52.6",
]

[[package]]
name = "windows-sys"
version = "0.60.2"
source = "registry+https://github.com/rust-lang/crates.io-index"
checksum = "f2f500e4d28234f72040990ec9d39e3a6b950f9f22d3dba18416c35882612bcb"
dependencies = [
 "windows-targets 0.53.5",
]

[[package]]
name = "windows-sys"
version = "0.61.2"
source = "registry+https://github.com/rust-lang/crates.io-index"
checksum = "ae137229bcbd6cdf0f7b80a31df61766145077ddf49416a728b02cb3921ff3fc"
dependencies = [
 "windows-link",
]

[[package]]
name = "windows-targets"
version = "0.52.6"
source = "registry+https://github.com/rust-lang/crates.io-index"
checksum = "9b724f72796e036ab90c1021d4780d4d3d648aca59e491e6b98e725b84e99973"
dependencies = [
 "windows_aarch64_gnullvm 0.52.6",
 "windows_aarch64_msvc 0.52.6",
 "windows_i686_gnu 0.52.6",
 "windows_i686_gnullvm 0.52.6",
 "windows_i686_msvc 0.52.6",
 "windows_x86_64_gnu 0.52.6",
 "windows_x86_64_gnullvm 0.52.6",
 "windows_x86_64_msvc 0.52.6",
]

[[package]]
name = "windows-targets"
version = "0.53.5"
source = "registry+https://github.com/rust-lang/crates.io-index"
checksum = "4945f9f551b88e0d65f3db0bc25c33b8acea4d9e41163edf90dcd0b19f9069f3"
dependencies = [
 "windows-link",
 "windows_aarch64_gnullvm 0.53.1",
 "windows_aarch64_msvc 0.53.1",
 "windows_i686_gnu 0.53.1",
 "windows_i686_gnullvm 0.53.1",
 "windows_i686_msvc 0.53.1",
 "windows_x86_64_gnu 0.53.1",
 "windows_x86_64_gnullvm 0.53.1",
 "windows_x86_64_msvc 0.53.1",
]

[[package]]
name = "windows_aarch64_gnullvm"
version = "0.52.6"
source = "registry+https://github.com/rust-lang/crates.io-index"
checksum = "32a4622180e7a0ec044bb555404c800bc9fd9ec262ec147edd5989ccd0c02cd3"

[[package]]
name = "windows_aarch64_gnullvm"
version = "0.53.1"
source = "registry+https://github.com/rust-lang/crates.io-index"
checksum = "a9d8416fa8b42f5c947f8482c43e7d89e73a173cead56d044f6a56104a6d1b53"

[[package]]
name = "windows_aarch64_msvc"
version = "0.52.6"
source = "registry+https://github.com/rust-lang/crates.io-index"
checksum = "09ec2a7bb152e2252b53fa7803150007879548bc709c039df7627cabbd05d469"

[[package]]
name = "windows_aarch64_msvc"
version = "0.53.1"
source = "registry+https://github.com/rust-lang/crates.io-index"
checksum = "b9d782e804c2f632e395708e99a94275910eb9100b2114651e04744e9b125006"

[[package]]
name = "windows_i686_gnu"
version = "0.52.6"
source = "registry+https://github.com/rust-lang/crates.io-index"
checksum = "8e9b5ad5ab802e97eb8e295ac6720e509ee4c243f69d781394014ebfe8bbfa0b"

[[package]]
name = "windows_i686_gnu"
version = "0.53.1"
source = "registry+https://github.com/rust-lang/crates.io-index"
checksum = "960e6da069d81e09becb0ca57a65220ddff016ff2d6af6a223cf372a506593a3"

[[package]]
name = "windows_i686_gnullvm"
version = "0.52.6"
source = "registry+https://github.com/rust-lang/crates.io-index"
checksum = "0eee52d38c090b3caa76c563b86c3a4bd71ef1a819287c19d586d7334ae8ed66"

[[package]]
name = "windows_i686_gnullvm"
version = "0.53.1"
source = "registry+https://github.com/rust-lang/crates.io-index"
checksum = "fa7359d10048f68ab8b09fa71c3daccfb0e9b559aed648a8f95469c27057180c"

[[package]]
name = "windows_i686_msvc"
version = "0.52.6"
source = "registry+https://github.com/rust-lang/crates.io-index"
checksum = "240948bc05c5e7c6dabba28bf89d89ffce3e303022809e73deaefe4f6ec56c66"

[[package]]
name = "windows_i686_msvc"
version = "0.53.1"
source = "registry+https://github.com/rust-lang/crates.io-index"
checksum = "1e7ac75179f18232fe9c285163565a57ef8d3c89254a30685b57d83a38d326c2"

[[package]]
name = "windows_x86_64_gnu"
version = "0.52.6"
source = "registry+https://github.com/rust-lang/crates.io-index"
checksum = "147a5c80aabfbf0c7d901cb5895d1de30ef2907eb21fbbab29ca94c5b08b1a78"

[[package]]
name = "windows_x86_64_gnu"
version = "0.53.1"
source = "registry+https://github.com/rust-lang/crates.io-index"
checksum = "9c3842cdd74a865a8066ab39c8a7a473c0778a3f29370b5fd6b4b9aa7df4a499"

[[package]]
name = "windows_x86_64_gnullvm"
version = "0.52.6"
source = "registry+https://github.com/rust-lang/crates.io-index"
checksum = "24d5b23dc417412679681396f2b49f3de8c1473deb516bd34410872eff51ed0d"

[[package]]
name = "windows_x86_64_gnullvm"
version = "0.53.1"
source = "registry+https://github.com/rust-lang/crates.io-index"
checksum = "0ffa179e2d07eee8ad8f57493436566c7cc30ac536a3379fdf008f47f6bb7ae1"

[[package]]
name = "windows_x86_64_msvc"
version = "0.52.6"
source = "registry+https://github.com/rust-lang/crates.io-index"
checksum = "589f6da84c646204747d1270a2a5661ea66ed1cced2631d546fdfb155959f9ec"

[[package]]
name = "windows_x86_64_msvc"
version = "0.53.1"
source = "registry+https://github.com/rust-lang/crates.io-index"
checksum = "d6bbff5f0aada427a1e5a6da5f1f98158182f26556f345ac9e04d36d0ebed650"

[[package]]
name = "x11-clipboard"
version = "0.9.3"
source = "registry+https://github.com/rust-lang/crates.io-index"
checksum = "662d74b3d77e396b8e5beb00b9cad6a9eccf40b2ef68cc858784b14c41d535a3"
dependencies = [
 "libc",
 "x11rb",
]

[[package]]
name = "x11rb"
version = "0.13.2"
source = "registry+https://github.com/rust-lang/crates.io-index"
checksum = "9993aa5be5a26815fe2c3eacfc1fde061fc1a1f094bf1ad2a18bf9c495dd7414"
dependencies = [
 "gethostname",
 "rustix 1.1.2",
 "x11rb-protocol",
]

[[package]]
name = "x11rb-protocol"
version = "0.13.2"
source = "registry+https://github.com/rust-lang/crates.io-index"
checksum = "ea6fc2961e4ef194dcbfe56bb845534d0dc8098940c7e5c012a258bfec6701bd"
